// !$*UTF8*$!
{
	archiveVersion = 1;
	classes = {
	};
	objectVersion = 56;
	objects = {

/* Begin PBXBuildFile section */
		F310499F2B0B9DEC00A9D7E2 /* UIColor+Extensions.swift in Sources */ = {isa = PBXBuildFile; fileRef = F310499E2B0B9DEC00A9D7E2 /* UIColor+Extensions.swift */; };
		F334A59F2B0219B9007408F8 /* AppDelegate.swift in Sources */ = {isa = PBXBuildFile; fileRef = F334A59E2B0219B9007408F8 /* AppDelegate.swift */; };
		F334A5A12B0219B9007408F8 /* SceneDelegate.swift in Sources */ = {isa = PBXBuildFile; fileRef = F334A5A02B0219B9007408F8 /* SceneDelegate.swift */; };
		F334A5A62B0219B9007408F8 /* Main.storyboard in Resources */ = {isa = PBXBuildFile; fileRef = F334A5A42B0219B9007408F8 /* Main.storyboard */; };
		F334A5A82B0219BB007408F8 /* Assets.xcassets in Resources */ = {isa = PBXBuildFile; fileRef = F334A5A72B0219BB007408F8 /* Assets.xcassets */; };
		F334A5AB2B0219BB007408F8 /* LaunchScreen.storyboard in Resources */ = {isa = PBXBuildFile; fileRef = F334A5A92B0219BB007408F8 /* LaunchScreen.storyboard */; };
		F334D65D2B501E9B000551D0 /* ProfileImageService.swift in Sources */ = {isa = PBXBuildFile; fileRef = F334D65C2B501E9B000551D0 /* ProfileImageService.swift */; };
		F334D65F2B501F0A000551D0 /* UserResult.swift in Sources */ = {isa = PBXBuildFile; fileRef = F334D65E2B501F0A000551D0 /* UserResult.swift */; };
		F34DC2422B3970800074E367 /* OAuth2Service.swift in Sources */ = {isa = PBXBuildFile; fileRef = F34DC2412B3970800074E367 /* OAuth2Service.swift */; };
		F34DC2442B3972640074E367 /* FetchTokenRequestModel.swift in Sources */ = {isa = PBXBuildFile; fileRef = F34DC2432B3972640074E367 /* FetchTokenRequestModel.swift */; };
		F357C54A2B516CE7004DDF06 /* Kingfisher in Frameworks */ = {isa = PBXBuildFile; productRef = F357C5492B516CE7004DDF06 /* Kingfisher */; };
		F357C54D2B517C58004DDF06 /* SwiftKeychainWrapper in Frameworks */ = {isa = PBXBuildFile; productRef = F357C54C2B517C58004DDF06 /* SwiftKeychainWrapper */; };
		F357C5542B53FFE8004DDF06 /* AccountData.swift in Sources */ = {isa = PBXBuildFile; fileRef = F357C5532B53FFE8004DDF06 /* AccountData.swift */; };
		F35933252B30640A00449F33 /* NetworkManager.swift in Sources */ = {isa = PBXBuildFile; fileRef = F35933242B30640A00449F33 /* NetworkManager.swift */; };
		F35933272B30644100449F33 /* EndpointManager.swift in Sources */ = {isa = PBXBuildFile; fileRef = F35933262B30644100449F33 /* EndpointManager.swift */; };
		F359332D2B30A54100449F33 /* OAuth2TokenStorage.swift in Sources */ = {isa = PBXBuildFile; fileRef = F359332C2B30A54100449F33 /* OAuth2TokenStorage.swift */; };
		F359332F2B30A6AA00449F33 /* SplashViewController.swift in Sources */ = {isa = PBXBuildFile; fileRef = F359332E2B30A6AA00449F33 /* SplashViewController.swift */; };
		F35933322B30A71D00449F33 /* SplashPresenter.swift in Sources */ = {isa = PBXBuildFile; fileRef = F35933312B30A71D00449F33 /* SplashPresenter.swift */; };
		F36950242B45C06500A20FF2 /* UIBlockingProgressHUD.swift in Sources */ = {isa = PBXBuildFile; fileRef = F36950232B45C06500A20FF2 /* UIBlockingProgressHUD.swift */; };
		F36950262B45C3CE00A20FF2 /* ProfileService.swift in Sources */ = {isa = PBXBuildFile; fileRef = F36950252B45C3CE00A20FF2 /* ProfileService.swift */; };
		F36950282B45C46000A20FF2 /* ProfileResponceModel.swift in Sources */ = {isa = PBXBuildFile; fileRef = F36950272B45C46000A20FF2 /* ProfileResponceModel.swift */; };
		F371A2602B56B236002ECE23 /* ImagesListService.swift in Sources */ = {isa = PBXBuildFile; fileRef = F371A25F2B56B236002ECE23 /* ImagesListService.swift */; };
		F371A2622B56BE56002ECE23 /* PhotoResult.swift in Sources */ = {isa = PBXBuildFile; fileRef = F371A2612B56BE56002ECE23 /* PhotoResult.swift */; };
		F371A2662B56C836002ECE23 /* PhotoModel.swift in Sources */ = {isa = PBXBuildFile; fileRef = F371A2652B56C836002ECE23 /* PhotoModel.swift */; };
		F384FD6F2B2B55D200889648 /* OAuthTokenResponseBody.swift in Sources */ = {isa = PBXBuildFile; fileRef = F384FD6E2B2B55D200889648 /* OAuthTokenResponseBody.swift */; };
		F38848552B18A876001B9869 /* ProfileViewController.swift in Sources */ = {isa = PBXBuildFile; fileRef = F38848542B18A876001B9869 /* ProfileViewController.swift */; };
		F38848572B18A883001B9869 /* ProfilePresenter.swift in Sources */ = {isa = PBXBuildFile; fileRef = F38848562B18A883001B9869 /* ProfilePresenter.swift */; };
		F38848592B18A892001B9869 /* ProfileModel.swift in Sources */ = {isa = PBXBuildFile; fileRef = F38848582B18A892001B9869 /* ProfileModel.swift */; };
		F388485C2B18AEFB001B9869 /* Assembler.swift in Sources */ = {isa = PBXBuildFile; fileRef = F388485B2B18AEFB001B9869 /* Assembler.swift */; };
		F388485E2B18D047001B9869 /* Coordinator.swift in Sources */ = {isa = PBXBuildFile; fileRef = F388485D2B18D047001B9869 /* Coordinator.swift */; };
		F38848612B18D266001B9869 /* SingleImageViewController.swift in Sources */ = {isa = PBXBuildFile; fileRef = F38848602B18D266001B9869 /* SingleImageViewController.swift */; };
		F3A3AC3A2B0510D9004DFA6F /* ImagesListPresenter.swift in Sources */ = {isa = PBXBuildFile; fileRef = F3A3AC392B0510D9004DFA6F /* ImagesListPresenter.swift */; };
		F3A3AC3C2B0510E7004DFA6F /* ImagesListScreenModel.swift in Sources */ = {isa = PBXBuildFile; fileRef = F3A3AC3B2B0510E7004DFA6F /* ImagesListScreenModel.swift */; };
		F3A3AC3E2B0510FC004DFA6F /* ImagesListViewController.swift in Sources */ = {isa = PBXBuildFile; fileRef = F3A3AC3D2B0510FB004DFA6F /* ImagesListViewController.swift */; };
		F3A3AC442B051A9E004DFA6F /* ImagesListCell.swift in Sources */ = {isa = PBXBuildFile; fileRef = F3A3AC432B051A9E004DFA6F /* ImagesListCell.swift */; };
		F3CCF0DB2B6E360A0054AE29 /* Date+Extensions.swift in Sources */ = {isa = PBXBuildFile; fileRef = F3CCF0DA2B6E360A0054AE29 /* Date+Extensions.swift */; };
		F3CCF0DD2B6F5BDC0054AE29 /* UIAlertController+Extensions.swift in Sources */ = {isa = PBXBuildFile; fileRef = F3CCF0DC2B6F5BDC0054AE29 /* UIAlertController+Extensions.swift */; };
		F3D023F62B2C5891002706CA /* AuthViewController.swift in Sources */ = {isa = PBXBuildFile; fileRef = F3D023F52B2C5891002706CA /* AuthViewController.swift */; };
		F3D023F82B2C58F1002706CA /* AuthScreenModel.swift in Sources */ = {isa = PBXBuildFile; fileRef = F3D023F72B2C58F1002706CA /* AuthScreenModel.swift */; };
		F3D023FA2B2C5912002706CA /* WebViewViewController.swift in Sources */ = {isa = PBXBuildFile; fileRef = F3D023F92B2C5912002706CA /* WebViewViewController.swift */; };
		F3D023FC2B2C5932002706CA /* AuthPresenter.swift in Sources */ = {isa = PBXBuildFile; fileRef = F3D023FB2B2C5932002706CA /* AuthPresenter.swift */; };
		F3D023FE2B2C59A8002706CA /* AuthConfiguration.swift in Sources */ = {isa = PBXBuildFile; fileRef = F3D023FD2B2C59A8002706CA /* AuthConfiguration.swift */; };
		F3D024042B2C715F002706CA /* WebViewPresenter.swift in Sources */ = {isa = PBXBuildFile; fileRef = F3D024032B2C715F002706CA /* WebViewPresenter.swift */; };
		F3D0240F2B2C83DB002706CA /* HTTPMethod.swift in Sources */ = {isa = PBXBuildFile; fileRef = F3D0240E2B2C83DB002706CA /* HTTPMethod.swift */; };
		F3EC85102B3BD9E900DE5D99 /* ProgressHUD in Frameworks */ = {isa = PBXBuildFile; productRef = F3EC850F2B3BD9E900DE5D99 /* ProgressHUD */; };
		F3F021212B6FC9F0008ED4D0 /* WebViewTests.swift in Sources */ = {isa = PBXBuildFile; fileRef = F3F021202B6FC9F0008ED4D0 /* WebViewTests.swift */; };
		F3FDC36E2B289DEC00310808 /* SingleImagePresenter.swift in Sources */ = {isa = PBXBuildFile; fileRef = F3FDC36D2B289DEC00310808 /* SingleImagePresenter.swift */; };
		F3FDC3702B289FEC00310808 /* SingleImageScreenModel.swift in Sources */ = {isa = PBXBuildFile; fileRef = F3FDC36F2B289FEC00310808 /* SingleImageScreenModel.swift */; };
/* End PBXBuildFile section */

/* Begin PBXContainerItemProxy section */
		F3F021222B6FC9F0008ED4D0 /* PBXContainerItemProxy */ = {
			isa = PBXContainerItemProxy;
			containerPortal = F334A5932B0219B9007408F8 /* Project object */;
			proxyType = 1;
			remoteGlobalIDString = F334A59A2B0219B9007408F8;
			remoteInfo = ImagesFeed;
		};
/* End PBXContainerItemProxy section */

/* Begin PBXFileReference section */
		F310499E2B0B9DEC00A9D7E2 /* UIColor+Extensions.swift */ = {isa = PBXFileReference; lastKnownFileType = sourcecode.swift; path = "UIColor+Extensions.swift"; sourceTree = "<group>"; };
		F334A59B2B0219B9007408F8 /* ImagesFeed.app */ = {isa = PBXFileReference; explicitFileType = wrapper.application; includeInIndex = 0; path = ImagesFeed.app; sourceTree = BUILT_PRODUCTS_DIR; };
		F334A59E2B0219B9007408F8 /* AppDelegate.swift */ = {isa = PBXFileReference; lastKnownFileType = sourcecode.swift; path = AppDelegate.swift; sourceTree = "<group>"; };
		F334A5A02B0219B9007408F8 /* SceneDelegate.swift */ = {isa = PBXFileReference; lastKnownFileType = sourcecode.swift; path = SceneDelegate.swift; sourceTree = "<group>"; };
		F334A5A52B0219B9007408F8 /* Base */ = {isa = PBXFileReference; lastKnownFileType = file.storyboard; name = Base; path = Base.lproj/Main.storyboard; sourceTree = "<group>"; };
		F334A5A72B0219BB007408F8 /* Assets.xcassets */ = {isa = PBXFileReference; lastKnownFileType = folder.assetcatalog; path = Assets.xcassets; sourceTree = "<group>"; };
		F334A5AA2B0219BB007408F8 /* Base */ = {isa = PBXFileReference; lastKnownFileType = file.storyboard; name = Base; path = Base.lproj/LaunchScreen.storyboard; sourceTree = "<group>"; };
		F334A5AC2B0219BB007408F8 /* Info.plist */ = {isa = PBXFileReference; lastKnownFileType = text.plist.xml; path = Info.plist; sourceTree = "<group>"; };
		F334D65C2B501E9B000551D0 /* ProfileImageService.swift */ = {isa = PBXFileReference; lastKnownFileType = sourcecode.swift; path = ProfileImageService.swift; sourceTree = "<group>"; };
		F334D65E2B501F0A000551D0 /* UserResult.swift */ = {isa = PBXFileReference; lastKnownFileType = sourcecode.swift; path = UserResult.swift; sourceTree = "<group>"; };
		F34DC2412B3970800074E367 /* OAuth2Service.swift */ = {isa = PBXFileReference; lastKnownFileType = sourcecode.swift; path = OAuth2Service.swift; sourceTree = "<group>"; };
		F34DC2432B3972640074E367 /* FetchTokenRequestModel.swift */ = {isa = PBXFileReference; lastKnownFileType = sourcecode.swift; path = FetchTokenRequestModel.swift; sourceTree = "<group>"; };
		F357C5532B53FFE8004DDF06 /* AccountData.swift */ = {isa = PBXFileReference; lastKnownFileType = sourcecode.swift; path = AccountData.swift; sourceTree = "<group>"; };
		F35933242B30640A00449F33 /* NetworkManager.swift */ = {isa = PBXFileReference; lastKnownFileType = sourcecode.swift; path = NetworkManager.swift; sourceTree = "<group>"; };
		F35933262B30644100449F33 /* EndpointManager.swift */ = {isa = PBXFileReference; lastKnownFileType = sourcecode.swift; path = EndpointManager.swift; sourceTree = "<group>"; };
		F359332C2B30A54100449F33 /* OAuth2TokenStorage.swift */ = {isa = PBXFileReference; lastKnownFileType = sourcecode.swift; path = OAuth2TokenStorage.swift; sourceTree = "<group>"; };
		F359332E2B30A6AA00449F33 /* SplashViewController.swift */ = {isa = PBXFileReference; lastKnownFileType = sourcecode.swift; path = SplashViewController.swift; sourceTree = "<group>"; };
		F35933312B30A71D00449F33 /* SplashPresenter.swift */ = {isa = PBXFileReference; lastKnownFileType = sourcecode.swift; path = SplashPresenter.swift; sourceTree = "<group>"; };
		F36950232B45C06500A20FF2 /* UIBlockingProgressHUD.swift */ = {isa = PBXFileReference; lastKnownFileType = sourcecode.swift; path = UIBlockingProgressHUD.swift; sourceTree = "<group>"; };
		F36950252B45C3CE00A20FF2 /* ProfileService.swift */ = {isa = PBXFileReference; lastKnownFileType = sourcecode.swift; path = ProfileService.swift; sourceTree = "<group>"; };
		F36950272B45C46000A20FF2 /* ProfileResponceModel.swift */ = {isa = PBXFileReference; lastKnownFileType = sourcecode.swift; path = ProfileResponceModel.swift; sourceTree = "<group>"; };
		F371A25F2B56B236002ECE23 /* ImagesListService.swift */ = {isa = PBXFileReference; lastKnownFileType = sourcecode.swift; path = ImagesListService.swift; sourceTree = "<group>"; };
		F371A2612B56BE56002ECE23 /* PhotoResult.swift */ = {isa = PBXFileReference; lastKnownFileType = sourcecode.swift; path = PhotoResult.swift; sourceTree = "<group>"; };
		F371A2652B56C836002ECE23 /* PhotoModel.swift */ = {isa = PBXFileReference; lastKnownFileType = sourcecode.swift; path = PhotoModel.swift; sourceTree = "<group>"; };
		F384FD6E2B2B55D200889648 /* OAuthTokenResponseBody.swift */ = {isa = PBXFileReference; lastKnownFileType = sourcecode.swift; path = OAuthTokenResponseBody.swift; sourceTree = "<group>"; };
		F38848542B18A876001B9869 /* ProfileViewController.swift */ = {isa = PBXFileReference; lastKnownFileType = sourcecode.swift; path = ProfileViewController.swift; sourceTree = "<group>"; };
		F38848562B18A883001B9869 /* ProfilePresenter.swift */ = {isa = PBXFileReference; lastKnownFileType = sourcecode.swift; path = ProfilePresenter.swift; sourceTree = "<group>"; };
		F38848582B18A892001B9869 /* ProfileModel.swift */ = {isa = PBXFileReference; lastKnownFileType = sourcecode.swift; path = ProfileModel.swift; sourceTree = "<group>"; };
		F388485B2B18AEFB001B9869 /* Assembler.swift */ = {isa = PBXFileReference; lastKnownFileType = sourcecode.swift; path = Assembler.swift; sourceTree = "<group>"; };
		F388485D2B18D047001B9869 /* Coordinator.swift */ = {isa = PBXFileReference; lastKnownFileType = sourcecode.swift; path = Coordinator.swift; sourceTree = "<group>"; };
		F38848602B18D266001B9869 /* SingleImageViewController.swift */ = {isa = PBXFileReference; lastKnownFileType = sourcecode.swift; path = SingleImageViewController.swift; sourceTree = "<group>"; };
		F3A3AC392B0510D9004DFA6F /* ImagesListPresenter.swift */ = {isa = PBXFileReference; lastKnownFileType = sourcecode.swift; path = ImagesListPresenter.swift; sourceTree = "<group>"; };
		F3A3AC3B2B0510E7004DFA6F /* ImagesListScreenModel.swift */ = {isa = PBXFileReference; lastKnownFileType = sourcecode.swift; path = ImagesListScreenModel.swift; sourceTree = "<group>"; };
		F3A3AC3D2B0510FB004DFA6F /* ImagesListViewController.swift */ = {isa = PBXFileReference; lastKnownFileType = sourcecode.swift; path = ImagesListViewController.swift; sourceTree = "<group>"; };
		F3A3AC432B051A9E004DFA6F /* ImagesListCell.swift */ = {isa = PBXFileReference; lastKnownFileType = sourcecode.swift; path = ImagesListCell.swift; sourceTree = "<group>"; };
		F3CCF0DA2B6E360A0054AE29 /* Date+Extensions.swift */ = {isa = PBXFileReference; lastKnownFileType = sourcecode.swift; path = "Date+Extensions.swift"; sourceTree = "<group>"; };
		F3CCF0DC2B6F5BDC0054AE29 /* UIAlertController+Extensions.swift */ = {isa = PBXFileReference; lastKnownFileType = sourcecode.swift; path = "UIAlertController+Extensions.swift"; sourceTree = "<group>"; };
		F3D023F52B2C5891002706CA /* AuthViewController.swift */ = {isa = PBXFileReference; lastKnownFileType = sourcecode.swift; path = AuthViewController.swift; sourceTree = "<group>"; };
		F3D023F72B2C58F1002706CA /* AuthScreenModel.swift */ = {isa = PBXFileReference; fileEncoding = 4; lastKnownFileType = sourcecode.swift; path = AuthScreenModel.swift; sourceTree = "<group>"; };
		F3D023F92B2C5912002706CA /* WebViewViewController.swift */ = {isa = PBXFileReference; fileEncoding = 4; lastKnownFileType = sourcecode.swift; path = WebViewViewController.swift; sourceTree = "<group>"; };
		F3D023FB2B2C5932002706CA /* AuthPresenter.swift */ = {isa = PBXFileReference; fileEncoding = 4; lastKnownFileType = sourcecode.swift; path = AuthPresenter.swift; sourceTree = "<group>"; };
		F3D023FD2B2C59A8002706CA /* AuthConfiguration.swift */ = {isa = PBXFileReference; fileEncoding = 4; lastKnownFileType = sourcecode.swift; path = AuthConfiguration.swift; sourceTree = "<group>"; };
		F3D024032B2C715F002706CA /* WebViewPresenter.swift */ = {isa = PBXFileReference; lastKnownFileType = sourcecode.swift; path = WebViewPresenter.swift; sourceTree = "<group>"; };
		F3D0240E2B2C83DB002706CA /* HTTPMethod.swift */ = {isa = PBXFileReference; lastKnownFileType = sourcecode.swift; path = HTTPMethod.swift; sourceTree = "<group>"; };
		F3F0211E2B6FC9F0008ED4D0 /* ImagesFeedTests.xctest */ = {isa = PBXFileReference; explicitFileType = wrapper.cfbundle; includeInIndex = 0; path = ImagesFeedTests.xctest; sourceTree = BUILT_PRODUCTS_DIR; };
		F3F021202B6FC9F0008ED4D0 /* WebViewTests.swift */ = {isa = PBXFileReference; lastKnownFileType = sourcecode.swift; path = WebViewTests.swift; sourceTree = "<group>"; };
		F3FDC36D2B289DEC00310808 /* SingleImagePresenter.swift */ = {isa = PBXFileReference; lastKnownFileType = sourcecode.swift; path = SingleImagePresenter.swift; sourceTree = "<group>"; };
		F3FDC36F2B289FEC00310808 /* SingleImageScreenModel.swift */ = {isa = PBXFileReference; lastKnownFileType = sourcecode.swift; path = SingleImageScreenModel.swift; sourceTree = "<group>"; };
/* End PBXFileReference section */

/* Begin PBXFrameworksBuildPhase section */
		F334A5982B0219B9007408F8 /* Frameworks */ = {
			isa = PBXFrameworksBuildPhase;
			buildActionMask = 2147483647;
			files = (
				F357C54A2B516CE7004DDF06 /* Kingfisher in Frameworks */,
				F3EC85102B3BD9E900DE5D99 /* ProgressHUD in Frameworks */,
				F357C54D2B517C58004DDF06 /* SwiftKeychainWrapper in Frameworks */,
			);
			runOnlyForDeploymentPostprocessing = 0;
		};
		F3F0211B2B6FC9F0008ED4D0 /* Frameworks */ = {
			isa = PBXFrameworksBuildPhase;
			buildActionMask = 2147483647;
			files = (
			);
			runOnlyForDeploymentPostprocessing = 0;
		};
/* End PBXFrameworksBuildPhase section */

/* Begin PBXGroup section */
		F310499D2B0B9DD300A9D7E2 /* Helpers */ = {
			isa = PBXGroup;
			children = (
				F310499E2B0B9DEC00A9D7E2 /* UIColor+Extensions.swift */,
				F36950232B45C06500A20FF2 /* UIBlockingProgressHUD.swift */,
				F3CCF0DA2B6E360A0054AE29 /* Date+Extensions.swift */,
				F3CCF0DC2B6F5BDC0054AE29 /* UIAlertController+Extensions.swift */,
			);
			path = Helpers;
			sourceTree = "<group>";
		};
		F334A5922B0219B9007408F8 = {
			isa = PBXGroup;
			children = (
				F334A59D2B0219B9007408F8 /* ImagesFeed */,
				F3F0211F2B6FC9F0008ED4D0 /* ImagesFeedTests */,
				F334A59C2B0219B9007408F8 /* Products */,
			);
			sourceTree = "<group>";
		};
		F334A59C2B0219B9007408F8 /* Products */ = {
			isa = PBXGroup;
			children = (
				F334A59B2B0219B9007408F8 /* ImagesFeed.app */,
				F3F0211E2B6FC9F0008ED4D0 /* ImagesFeedTests.xctest */,
			);
			name = Products;
			sourceTree = "<group>";
		};
		F334A59D2B0219B9007408F8 /* ImagesFeed */ = {
			isa = PBXGroup;
			children = (
				F35933302B30A70200449F33 /* Splash */,
				F3D023FD2B2C59A8002706CA /* AuthConfiguration.swift */,
				F384FD622B2B20BB00889648 /* Auth */,
				F388485F2B18D259001B9869 /* SingleImage */,
				F388485A2B18AEE3001B9869 /* Services */,
				F38848532B18A85A001B9869 /* Profile */,
				F310499D2B0B9DD300A9D7E2 /* Helpers */,
				F3A3AC422B051A93004DFA6F /* Cells */,
				F3A3AC382B0510AD004DFA6F /* ImagesScreen */,
				F334A5B22B021B30007408F8 /* Resources */,
				F334A59E2B0219B9007408F8 /* AppDelegate.swift */,
				F334A5A02B0219B9007408F8 /* SceneDelegate.swift */,
				F334A5A42B0219B9007408F8 /* Main.storyboard */,
				F334A5A92B0219BB007408F8 /* LaunchScreen.storyboard */,
				F334A5AC2B0219BB007408F8 /* Info.plist */,
			);
			path = ImagesFeed;
			sourceTree = "<group>";
		};
		F334A5B22B021B30007408F8 /* Resources */ = {
			isa = PBXGroup;
			children = (
				F334A5A72B0219BB007408F8 /* Assets.xcassets */,
			);
			path = Resources;
			sourceTree = "<group>";
		};
		F359332A2B3066E300449F33 /* RequestModels */ = {
			isa = PBXGroup;
			children = (
				F34DC2432B3972640074E367 /* FetchTokenRequestModel.swift */,
			);
			path = RequestModels;
			sourceTree = "<group>";
		};
		F359332B2B3066EF00449F33 /* ResponseModels */ = {
			isa = PBXGroup;
			children = (
				F36950272B45C46000A20FF2 /* ProfileResponceModel.swift */,
				F384FD6E2B2B55D200889648 /* OAuthTokenResponseBody.swift */,
				F334D65E2B501F0A000551D0 /* UserResult.swift */,
				F371A2612B56BE56002ECE23 /* PhotoResult.swift */,
			);
			path = ResponseModels;
			sourceTree = "<group>";
		};
		F35933302B30A70200449F33 /* Splash */ = {
			isa = PBXGroup;
			children = (
				F359332E2B30A6AA00449F33 /* SplashViewController.swift */,
				F35933312B30A71D00449F33 /* SplashPresenter.swift */,
			);
			path = Splash;
			sourceTree = "<group>";
		};
		F371A2632B56C81F002ECE23 /* Models */ = {
			isa = PBXGroup;
			children = (
				F3A3AC3B2B0510E7004DFA6F /* ImagesListScreenModel.swift */,
				F371A2652B56C836002ECE23 /* PhotoModel.swift */,
			);
			path = Models;
			sourceTree = "<group>";
		};
		F384FD622B2B20BB00889648 /* Auth */ = {
			isa = PBXGroup;
			children = (
				F3D024022B2C709C002706CA /* WebView */,
				F3D024012B2C7089002706CA /* AuthController */,
			);
			path = Auth;
			sourceTree = "<group>";
		};
		F38848532B18A85A001B9869 /* Profile */ = {
			isa = PBXGroup;
			children = (
				F38848542B18A876001B9869 /* ProfileViewController.swift */,
				F38848562B18A883001B9869 /* ProfilePresenter.swift */,
				F38848582B18A892001B9869 /* ProfileModel.swift */,
			);
			path = Profile;
			sourceTree = "<group>";
		};
		F388485A2B18AEE3001B9869 /* Services */ = {
			isa = PBXGroup;
			children = (
				F3D024072B2C8306002706CA /* Networking */,
				F388485B2B18AEFB001B9869 /* Assembler.swift */,
				F388485D2B18D047001B9869 /* Coordinator.swift */,
				F359332C2B30A54100449F33 /* OAuth2TokenStorage.swift */,
				F34DC2412B3970800074E367 /* OAuth2Service.swift */,
				F36950252B45C3CE00A20FF2 /* ProfileService.swift */,
				F334D65C2B501E9B000551D0 /* ProfileImageService.swift */,
				F357C5532B53FFE8004DDF06 /* AccountData.swift */,
				F371A25F2B56B236002ECE23 /* ImagesListService.swift */,
			);
			path = Services;
			sourceTree = "<group>";
		};
		F388485F2B18D259001B9869 /* SingleImage */ = {
			isa = PBXGroup;
			children = (
				F38848602B18D266001B9869 /* SingleImageViewController.swift */,
				F3FDC36D2B289DEC00310808 /* SingleImagePresenter.swift */,
				F3FDC36F2B289FEC00310808 /* SingleImageScreenModel.swift */,
			);
			path = SingleImage;
			sourceTree = "<group>";
		};
		F3A3AC382B0510AD004DFA6F /* ImagesScreen */ = {
			isa = PBXGroup;
			children = (
				F371A2632B56C81F002ECE23 /* Models */,
				F3A3AC392B0510D9004DFA6F /* ImagesListPresenter.swift */,
				F3A3AC3D2B0510FB004DFA6F /* ImagesListViewController.swift */,
			);
			path = ImagesScreen;
			sourceTree = "<group>";
		};
		F3A3AC422B051A93004DFA6F /* Cells */ = {
			isa = PBXGroup;
			children = (
				F3A3AC432B051A9E004DFA6F /* ImagesListCell.swift */,
			);
			path = Cells;
			sourceTree = "<group>";
		};
		F3D024012B2C7089002706CA /* AuthController */ = {
			isa = PBXGroup;
			children = (
				F3D023F72B2C58F1002706CA /* AuthScreenModel.swift */,
				F3D023F52B2C5891002706CA /* AuthViewController.swift */,
				F3D023FB2B2C5932002706CA /* AuthPresenter.swift */,
			);
			path = AuthController;
			sourceTree = "<group>";
		};
		F3D024022B2C709C002706CA /* WebView */ = {
			isa = PBXGroup;
			children = (
				F3D023F92B2C5912002706CA /* WebViewViewController.swift */,
				F3D024032B2C715F002706CA /* WebViewPresenter.swift */,
			);
			path = WebView;
			sourceTree = "<group>";
		};
		F3D024072B2C8306002706CA /* Networking */ = {
			isa = PBXGroup;
			children = (
				F359332B2B3066EF00449F33 /* ResponseModels */,
				F359332A2B3066E300449F33 /* RequestModels */,
				F3D0240E2B2C83DB002706CA /* HTTPMethod.swift */,
				F35933242B30640A00449F33 /* NetworkManager.swift */,
				F35933262B30644100449F33 /* EndpointManager.swift */,
			);
			path = Networking;
			sourceTree = "<group>";
		};
		F3F0211F2B6FC9F0008ED4D0 /* ImagesFeedTests */ = {
			isa = PBXGroup;
			children = (
				F3F021202B6FC9F0008ED4D0 /* WebViewTests.swift */,
			);
			path = ImagesFeedTests;
			sourceTree = "<group>";
		};
/* End PBXGroup section */

/* Begin PBXNativeTarget section */
		F334A59A2B0219B9007408F8 /* ImagesFeed */ = {
			isa = PBXNativeTarget;
			buildConfigurationList = F334A5AF2B0219BB007408F8 /* Build configuration list for PBXNativeTarget "ImagesFeed" */;
			buildPhases = (
				F334A5972B0219B9007408F8 /* Sources */,
				F334A5982B0219B9007408F8 /* Frameworks */,
				F334A5992B0219B9007408F8 /* Resources */,
			);
			buildRules = (
			);
			dependencies = (
			);
			name = ImagesFeed;
			packageProductDependencies = (
				F3EC850F2B3BD9E900DE5D99 /* ProgressHUD */,
				F357C5492B516CE7004DDF06 /* Kingfisher */,
				F357C54C2B517C58004DDF06 /* SwiftKeychainWrapper */,
			);
			productName = ImagesFeed;
			productReference = F334A59B2B0219B9007408F8 /* ImagesFeed.app */;
			productType = "com.apple.product-type.application";
		};
		F3F0211D2B6FC9F0008ED4D0 /* ImagesFeedTests */ = {
			isa = PBXNativeTarget;
			buildConfigurationList = F3F021262B6FC9F0008ED4D0 /* Build configuration list for PBXNativeTarget "ImagesFeedTests" */;
			buildPhases = (
				F3F0211A2B6FC9F0008ED4D0 /* Sources */,
				F3F0211B2B6FC9F0008ED4D0 /* Frameworks */,
				F3F0211C2B6FC9F0008ED4D0 /* Resources */,
			);
			buildRules = (
			);
			dependencies = (
				F3F021232B6FC9F0008ED4D0 /* PBXTargetDependency */,
			);
			name = ImagesFeedTests;
			productName = ImagesFeedTests;
			productReference = F3F0211E2B6FC9F0008ED4D0 /* ImagesFeedTests.xctest */;
			productType = "com.apple.product-type.bundle.unit-test";
		};
/* End PBXNativeTarget section */

/* Begin PBXProject section */
		F334A5932B0219B9007408F8 /* Project object */ = {
			isa = PBXProject;
			attributes = {
				BuildIndependentTargetsInParallel = 1;
				LastSwiftUpdateCheck = 1510;
				LastUpgradeCheck = 1430;
				TargetAttributes = {
					F334A59A2B0219B9007408F8 = {
						CreatedOnToolsVersion = 14.3.1;
					};
					F3F0211D2B6FC9F0008ED4D0 = {
						CreatedOnToolsVersion = 15.1;
						TestTargetID = F334A59A2B0219B9007408F8;
					};
				};
			};
			buildConfigurationList = F334A5962B0219B9007408F8 /* Build configuration list for PBXProject "ImagesFeed" */;
			compatibilityVersion = "Xcode 14.0";
			developmentRegion = en;
			hasScannedForEncodings = 0;
			knownRegions = (
				en,
				Base,
			);
			mainGroup = F334A5922B0219B9007408F8;
			packageReferences = (
				F3EC850E2B3BD9E900DE5D99 /* XCRemoteSwiftPackageReference "ProgressHUD" */,
				F357C5482B516CE7004DDF06 /* XCRemoteSwiftPackageReference "Kingfisher" */,
				F357C54B2B517C58004DDF06 /* XCRemoteSwiftPackageReference "SwiftKeychainWrapper" */,
			);
			productRefGroup = F334A59C2B0219B9007408F8 /* Products */;
			projectDirPath = "";
			projectRoot = "";
			targets = (
				F334A59A2B0219B9007408F8 /* ImagesFeed */,
				F3F0211D2B6FC9F0008ED4D0 /* ImagesFeedTests */,
			);
		};
/* End PBXProject section */

/* Begin PBXResourcesBuildPhase section */
		F334A5992B0219B9007408F8 /* Resources */ = {
			isa = PBXResourcesBuildPhase;
			buildActionMask = 2147483647;
			files = (
				F334A5AB2B0219BB007408F8 /* LaunchScreen.storyboard in Resources */,
				F334A5A82B0219BB007408F8 /* Assets.xcassets in Resources */,
				F334A5A62B0219B9007408F8 /* Main.storyboard in Resources */,
			);
			runOnlyForDeploymentPostprocessing = 0;
		};
		F3F0211C2B6FC9F0008ED4D0 /* Resources */ = {
			isa = PBXResourcesBuildPhase;
			buildActionMask = 2147483647;
			files = (
			);
			runOnlyForDeploymentPostprocessing = 0;
		};
/* End PBXResourcesBuildPhase section */

/* Begin PBXSourcesBuildPhase section */
		F334A5972B0219B9007408F8 /* Sources */ = {
			isa = PBXSourcesBuildPhase;
			buildActionMask = 2147483647;
			files = (
				F3D023FC2B2C5932002706CA /* AuthPresenter.swift in Sources */,
				F384FD6F2B2B55D200889648 /* OAuthTokenResponseBody.swift in Sources */,
				F35933322B30A71D00449F33 /* SplashPresenter.swift in Sources */,
				F357C5542B53FFE8004DDF06 /* AccountData.swift in Sources */,
				F334A59F2B0219B9007408F8 /* AppDelegate.swift in Sources */,
				F359332D2B30A54100449F33 /* OAuth2TokenStorage.swift in Sources */,
				F3D023FA2B2C5912002706CA /* WebViewViewController.swift in Sources */,
				F3A3AC3E2B0510FC004DFA6F /* ImagesListViewController.swift in Sources */,
				F3A3AC3C2B0510E7004DFA6F /* ImagesListScreenModel.swift in Sources */,
				F34DC2442B3972640074E367 /* FetchTokenRequestModel.swift in Sources */,
				F36950282B45C46000A20FF2 /* ProfileResponceModel.swift in Sources */,
				F38848592B18A892001B9869 /* ProfileModel.swift in Sources */,
				F3A3AC3A2B0510D9004DFA6F /* ImagesListPresenter.swift in Sources */,
				F3D0240F2B2C83DB002706CA /* HTTPMethod.swift in Sources */,
				F388485C2B18AEFB001B9869 /* Assembler.swift in Sources */,
				F3FDC36E2B289DEC00310808 /* SingleImagePresenter.swift in Sources */,
				F35933272B30644100449F33 /* EndpointManager.swift in Sources */,
				F3D024042B2C715F002706CA /* WebViewPresenter.swift in Sources */,
				F371A2602B56B236002ECE23 /* ImagesListService.swift in Sources */,
				F38848612B18D266001B9869 /* SingleImageViewController.swift in Sources */,
				F36950262B45C3CE00A20FF2 /* ProfileService.swift in Sources */,
				F34DC2422B3970800074E367 /* OAuth2Service.swift in Sources */,
				F3CCF0DD2B6F5BDC0054AE29 /* UIAlertController+Extensions.swift in Sources */,
				F3D023FE2B2C59A8002706CA /* AuthConfiguration.swift in Sources */,
				F3D023F62B2C5891002706CA /* AuthViewController.swift in Sources */,
				F371A2662B56C836002ECE23 /* PhotoModel.swift in Sources */,
				F3FDC3702B289FEC00310808 /* SingleImageScreenModel.swift in Sources */,
				F334D65D2B501E9B000551D0 /* ProfileImageService.swift in Sources */,
				F359332F2B30A6AA00449F33 /* SplashViewController.swift in Sources */,
				F371A2622B56BE56002ECE23 /* PhotoResult.swift in Sources */,
				F310499F2B0B9DEC00A9D7E2 /* UIColor+Extensions.swift in Sources */,
				F38848572B18A883001B9869 /* ProfilePresenter.swift in Sources */,
				F388485E2B18D047001B9869 /* Coordinator.swift in Sources */,
				F334A5A12B0219B9007408F8 /* SceneDelegate.swift in Sources */,
				F3CCF0DB2B6E360A0054AE29 /* Date+Extensions.swift in Sources */,
				F38848552B18A876001B9869 /* ProfileViewController.swift in Sources */,
				F35933252B30640A00449F33 /* NetworkManager.swift in Sources */,
				F3A3AC442B051A9E004DFA6F /* ImagesListCell.swift in Sources */,
				F3D023F82B2C58F1002706CA /* AuthScreenModel.swift in Sources */,
				F334D65F2B501F0A000551D0 /* UserResult.swift in Sources */,
				F36950242B45C06500A20FF2 /* UIBlockingProgressHUD.swift in Sources */,
			);
			runOnlyForDeploymentPostprocessing = 0;
		};
		F3F0211A2B6FC9F0008ED4D0 /* Sources */ = {
			isa = PBXSourcesBuildPhase;
			buildActionMask = 2147483647;
			files = (
				F3F021212B6FC9F0008ED4D0 /* WebViewTests.swift in Sources */,
			);
			runOnlyForDeploymentPostprocessing = 0;
		};
/* End PBXSourcesBuildPhase section */

/* Begin PBXTargetDependency section */
		F3F021232B6FC9F0008ED4D0 /* PBXTargetDependency */ = {
			isa = PBXTargetDependency;
			target = F334A59A2B0219B9007408F8 /* ImagesFeed */;
			targetProxy = F3F021222B6FC9F0008ED4D0 /* PBXContainerItemProxy */;
		};
/* End PBXTargetDependency section */

/* Begin PBXVariantGroup section */
		F334A5A42B0219B9007408F8 /* Main.storyboard */ = {
			isa = PBXVariantGroup;
			children = (
				F334A5A52B0219B9007408F8 /* Base */,
			);
			name = Main.storyboard;
			sourceTree = "<group>";
		};
		F334A5A92B0219BB007408F8 /* LaunchScreen.storyboard */ = {
			isa = PBXVariantGroup;
			children = (
				F334A5AA2B0219BB007408F8 /* Base */,
			);
			name = LaunchScreen.storyboard;
			sourceTree = "<group>";
		};
/* End PBXVariantGroup section */

/* Begin XCBuildConfiguration section */
		F334A5AD2B0219BB007408F8 /* Debug */ = {
			isa = XCBuildConfiguration;
			buildSettings = {
				ALWAYS_SEARCH_USER_PATHS = NO;
				CLANG_ANALYZER_NONNULL = YES;
				CLANG_ANALYZER_NUMBER_OBJECT_CONVERSION = YES_AGGRESSIVE;
				CLANG_CXX_LANGUAGE_STANDARD = "gnu++20";
				CLANG_ENABLE_MODULES = YES;
				CLANG_ENABLE_OBJC_ARC = YES;
				CLANG_ENABLE_OBJC_WEAK = YES;
				CLANG_WARN_BLOCK_CAPTURE_AUTORELEASING = YES;
				CLANG_WARN_BOOL_CONVERSION = YES;
				CLANG_WARN_COMMA = YES;
				CLANG_WARN_CONSTANT_CONVERSION = YES;
				CLANG_WARN_DEPRECATED_OBJC_IMPLEMENTATIONS = YES;
				CLANG_WARN_DIRECT_OBJC_ISA_USAGE = YES_ERROR;
				CLANG_WARN_DOCUMENTATION_COMMENTS = YES;
				CLANG_WARN_EMPTY_BODY = YES;
				CLANG_WARN_ENUM_CONVERSION = YES;
				CLANG_WARN_INFINITE_RECURSION = YES;
				CLANG_WARN_INT_CONVERSION = YES;
				CLANG_WARN_NON_LITERAL_NULL_CONVERSION = YES;
				CLANG_WARN_OBJC_IMPLICIT_RETAIN_SELF = YES;
				CLANG_WARN_OBJC_LITERAL_CONVERSION = YES;
				CLANG_WARN_OBJC_ROOT_CLASS = YES_ERROR;
				CLANG_WARN_QUOTED_INCLUDE_IN_FRAMEWORK_HEADER = YES;
				CLANG_WARN_RANGE_LOOP_ANALYSIS = YES;
				CLANG_WARN_STRICT_PROTOTYPES = YES;
				CLANG_WARN_SUSPICIOUS_MOVE = YES;
				CLANG_WARN_UNGUARDED_AVAILABILITY = YES_AGGRESSIVE;
				CLANG_WARN_UNREACHABLE_CODE = YES;
				CLANG_WARN__DUPLICATE_METHOD_MATCH = YES;
				COPY_PHASE_STRIP = NO;
				DEBUG_INFORMATION_FORMAT = dwarf;
				ENABLE_STRICT_OBJC_MSGSEND = YES;
				ENABLE_TESTABILITY = YES;
				GCC_C_LANGUAGE_STANDARD = gnu11;
				GCC_DYNAMIC_NO_PIC = NO;
				GCC_NO_COMMON_BLOCKS = YES;
				GCC_OPTIMIZATION_LEVEL = 0;
				GCC_PREPROCESSOR_DEFINITIONS = (
					"DEBUG=1",
					"$(inherited)",
				);
				GCC_WARN_64_TO_32_BIT_CONVERSION = YES;
				GCC_WARN_ABOUT_RETURN_TYPE = YES_ERROR;
				GCC_WARN_UNDECLARED_SELECTOR = YES;
				GCC_WARN_UNINITIALIZED_AUTOS = YES_AGGRESSIVE;
				GCC_WARN_UNUSED_FUNCTION = YES;
				GCC_WARN_UNUSED_VARIABLE = YES;
				IPHONEOS_DEPLOYMENT_TARGET = 16.4;
				MTL_ENABLE_DEBUG_INFO = INCLUDE_SOURCE;
				MTL_FAST_MATH = YES;
				ONLY_ACTIVE_ARCH = YES;
				SDKROOT = iphoneos;
				SWIFT_ACTIVE_COMPILATION_CONDITIONS = DEBUG;
				SWIFT_OPTIMIZATION_LEVEL = "-Onone";
			};
			name = Debug;
		};
		F334A5AE2B0219BB007408F8 /* Release */ = {
			isa = XCBuildConfiguration;
			buildSettings = {
				ALWAYS_SEARCH_USER_PATHS = NO;
				CLANG_ANALYZER_NONNULL = YES;
				CLANG_ANALYZER_NUMBER_OBJECT_CONVERSION = YES_AGGRESSIVE;
				CLANG_CXX_LANGUAGE_STANDARD = "gnu++20";
				CLANG_ENABLE_MODULES = YES;
				CLANG_ENABLE_OBJC_ARC = YES;
				CLANG_ENABLE_OBJC_WEAK = YES;
				CLANG_WARN_BLOCK_CAPTURE_AUTORELEASING = YES;
				CLANG_WARN_BOOL_CONVERSION = YES;
				CLANG_WARN_COMMA = YES;
				CLANG_WARN_CONSTANT_CONVERSION = YES;
				CLANG_WARN_DEPRECATED_OBJC_IMPLEMENTATIONS = YES;
				CLANG_WARN_DIRECT_OBJC_ISA_USAGE = YES_ERROR;
				CLANG_WARN_DOCUMENTATION_COMMENTS = YES;
				CLANG_WARN_EMPTY_BODY = YES;
				CLANG_WARN_ENUM_CONVERSION = YES;
				CLANG_WARN_INFINITE_RECURSION = YES;
				CLANG_WARN_INT_CONVERSION = YES;
				CLANG_WARN_NON_LITERAL_NULL_CONVERSION = YES;
				CLANG_WARN_OBJC_IMPLICIT_RETAIN_SELF = YES;
				CLANG_WARN_OBJC_LITERAL_CONVERSION = YES;
				CLANG_WARN_OBJC_ROOT_CLASS = YES_ERROR;
				CLANG_WARN_QUOTED_INCLUDE_IN_FRAMEWORK_HEADER = YES;
				CLANG_WARN_RANGE_LOOP_ANALYSIS = YES;
				CLANG_WARN_STRICT_PROTOTYPES = YES;
				CLANG_WARN_SUSPICIOUS_MOVE = YES;
				CLANG_WARN_UNGUARDED_AVAILABILITY = YES_AGGRESSIVE;
				CLANG_WARN_UNREACHABLE_CODE = YES;
				CLANG_WARN__DUPLICATE_METHOD_MATCH = YES;
				COPY_PHASE_STRIP = NO;
				DEBUG_INFORMATION_FORMAT = "dwarf-with-dsym";
				ENABLE_NS_ASSERTIONS = NO;
				ENABLE_STRICT_OBJC_MSGSEND = YES;
				GCC_C_LANGUAGE_STANDARD = gnu11;
				GCC_NO_COMMON_BLOCKS = YES;
				GCC_WARN_64_TO_32_BIT_CONVERSION = YES;
				GCC_WARN_ABOUT_RETURN_TYPE = YES_ERROR;
				GCC_WARN_UNDECLARED_SELECTOR = YES;
				GCC_WARN_UNINITIALIZED_AUTOS = YES_AGGRESSIVE;
				GCC_WARN_UNUSED_FUNCTION = YES;
				GCC_WARN_UNUSED_VARIABLE = YES;
				IPHONEOS_DEPLOYMENT_TARGET = 16.4;
				MTL_ENABLE_DEBUG_INFO = NO;
				MTL_FAST_MATH = YES;
				SDKROOT = iphoneos;
				SWIFT_COMPILATION_MODE = wholemodule;
				SWIFT_OPTIMIZATION_LEVEL = "-O";
				VALIDATE_PRODUCT = YES;
			};
			name = Release;
		};
		F334A5B02B0219BB007408F8 /* Debug */ = {
			isa = XCBuildConfiguration;
			buildSettings = {
				ASSETCATALOG_COMPILER_APPICON_NAME = AppIcon;
				ASSETCATALOG_COMPILER_GLOBAL_ACCENT_COLOR_NAME = AccentColor;
				CODE_SIGN_STYLE = Automatic;
				CURRENT_PROJECT_VERSION = 1;
				DEVELOPMENT_TEAM = UBQJ28VPV8;
				GENERATE_INFOPLIST_FILE = YES;
				INFOPLIST_FILE = ImagesFeed/Info.plist;
				INFOPLIST_KEY_CFBundleDisplayName = ImagesFeed;
				INFOPLIST_KEY_UIApplicationSupportsIndirectInputEvents = YES;
				INFOPLIST_KEY_UILaunchStoryboardName = LaunchScreen;
				INFOPLIST_KEY_UIMainStoryboardFile = Main;
				INFOPLIST_KEY_UISupportedInterfaceOrientations = UIInterfaceOrientationPortrait;
				INFOPLIST_KEY_UISupportedInterfaceOrientations_iPad = "UIInterfaceOrientationLandscapeLeft UIInterfaceOrientationLandscapeRight UIInterfaceOrientationPortrait UIInterfaceOrientationPortraitUpsideDown";
				IPHONEOS_DEPLOYMENT_TARGET = 13.0;
				LD_RUNPATH_SEARCH_PATHS = (
					"$(inherited)",
					"@executable_path/Frameworks",
				);
				MARKETING_VERSION = 1.0;
				PRODUCT_BUNDLE_IDENTIFIER = com.LolaChernysheva.ImagesFeed;
				PRODUCT_NAME = "$(TARGET_NAME)";
				SUPPORTED_PLATFORMS = "iphoneos iphonesimulator";
				SUPPORTS_MACCATALYST = NO;
				SUPPORTS_MAC_DESIGNED_FOR_IPHONE_IPAD = NO;
				SWIFT_EMIT_LOC_STRINGS = YES;
				SWIFT_VERSION = 5.0;
				TARGETED_DEVICE_FAMILY = 1;
			};
			name = Debug;
		};
		F334A5B12B0219BB007408F8 /* Release */ = {
			isa = XCBuildConfiguration;
			buildSettings = {
				ASSETCATALOG_COMPILER_APPICON_NAME = AppIcon;
				ASSETCATALOG_COMPILER_GLOBAL_ACCENT_COLOR_NAME = AccentColor;
				CODE_SIGN_STYLE = Automatic;
				CURRENT_PROJECT_VERSION = 1;
				DEVELOPMENT_TEAM = UBQJ28VPV8;
				GENERATE_INFOPLIST_FILE = YES;
				INFOPLIST_FILE = ImagesFeed/Info.plist;
				INFOPLIST_KEY_CFBundleDisplayName = ImagesFeed;
				INFOPLIST_KEY_UIApplicationSupportsIndirectInputEvents = YES;
				INFOPLIST_KEY_UILaunchStoryboardName = LaunchScreen;
				INFOPLIST_KEY_UIMainStoryboardFile = Main;
				INFOPLIST_KEY_UISupportedInterfaceOrientations = UIInterfaceOrientationPortrait;
				INFOPLIST_KEY_UISupportedInterfaceOrientations_iPad = "UIInterfaceOrientationLandscapeLeft UIInterfaceOrientationLandscapeRight UIInterfaceOrientationPortrait UIInterfaceOrientationPortraitUpsideDown";
				IPHONEOS_DEPLOYMENT_TARGET = 13.0;
				LD_RUNPATH_SEARCH_PATHS = (
					"$(inherited)",
					"@executable_path/Frameworks",
				);
				MARKETING_VERSION = 1.0;
				PRODUCT_BUNDLE_IDENTIFIER = com.LolaChernysheva.ImagesFeed;
				PRODUCT_NAME = "$(TARGET_NAME)";
				SUPPORTED_PLATFORMS = "iphoneos iphonesimulator";
				SUPPORTS_MACCATALYST = NO;
				SUPPORTS_MAC_DESIGNED_FOR_IPHONE_IPAD = NO;
				SWIFT_EMIT_LOC_STRINGS = YES;
				SWIFT_VERSION = 5.0;
				TARGETED_DEVICE_FAMILY = 1;
			};
			name = Release;
		};
		F3F021242B6FC9F0008ED4D0 /* Debug */ = {
			isa = XCBuildConfiguration;
			buildSettings = {
				ASSETCATALOG_COMPILER_GENERATE_SWIFT_ASSET_SYMBOL_EXTENSIONS = YES;
				BUNDLE_LOADER = "$(TEST_HOST)";
				CODE_SIGN_STYLE = Automatic;
				CURRENT_PROJECT_VERSION = 1;
				DEVELOPMENT_TEAM = UBQJ28VPV8;
				ENABLE_USER_SCRIPT_SANDBOXING = YES;
				GCC_C_LANGUAGE_STANDARD = gnu17;
				GENERATE_INFOPLIST_FILE = YES;
				IPHONEOS_DEPLOYMENT_TARGET = 17.2;
				LOCALIZATION_PREFERS_STRING_CATALOGS = YES;
				MARKETING_VERSION = 1.0;
				PRODUCT_BUNDLE_IDENTIFIER = com.LolaChernysheva.ImagesFeedTests;
				PRODUCT_NAME = "$(TARGET_NAME)";
				SWIFT_ACTIVE_COMPILATION_CONDITIONS = "DEBUG $(inherited)";
				SWIFT_EMIT_LOC_STRINGS = NO;
				SWIFT_VERSION = 5.0;
				TARGETED_DEVICE_FAMILY = "1,2";
				TEST_HOST = "$(BUILT_PRODUCTS_DIR)/ImagesFeed.app/$(BUNDLE_EXECUTABLE_FOLDER_PATH)/ImagesFeed";
			};
			name = Debug;
		};
		F3F021252B6FC9F0008ED4D0 /* Release */ = {
			isa = XCBuildConfiguration;
			buildSettings = {
				ASSETCATALOG_COMPILER_GENERATE_SWIFT_ASSET_SYMBOL_EXTENSIONS = YES;
				BUNDLE_LOADER = "$(TEST_HOST)";
				CODE_SIGN_STYLE = Automatic;
				CURRENT_PROJECT_VERSION = 1;
				DEVELOPMENT_TEAM = UBQJ28VPV8;
				ENABLE_USER_SCRIPT_SANDBOXING = YES;
				GCC_C_LANGUAGE_STANDARD = gnu17;
				GENERATE_INFOPLIST_FILE = YES;
				IPHONEOS_DEPLOYMENT_TARGET = 17.2;
				LOCALIZATION_PREFERS_STRING_CATALOGS = YES;
				MARKETING_VERSION = 1.0;
				PRODUCT_BUNDLE_IDENTIFIER = com.LolaChernysheva.ImagesFeedTests;
				PRODUCT_NAME = "$(TARGET_NAME)";
				SWIFT_EMIT_LOC_STRINGS = NO;
				SWIFT_VERSION = 5.0;
				TARGETED_DEVICE_FAMILY = "1,2";
				TEST_HOST = "$(BUILT_PRODUCTS_DIR)/ImagesFeed.app/$(BUNDLE_EXECUTABLE_FOLDER_PATH)/ImagesFeed";
			};
			name = Release;
		};
/* End XCBuildConfiguration section */

/* Begin XCConfigurationList section */
		F334A5962B0219B9007408F8 /* Build configuration list for PBXProject "ImagesFeed" */ = {
			isa = XCConfigurationList;
			buildConfigurations = (
				F334A5AD2B0219BB007408F8 /* Debug */,
				F334A5AE2B0219BB007408F8 /* Release */,
			);
			defaultConfigurationIsVisible = 0;
			defaultConfigurationName = Release;
		};
		F334A5AF2B0219BB007408F8 /* Build configuration list for PBXNativeTarget "ImagesFeed" */ = {
			isa = XCConfigurationList;
			buildConfigurations = (
				F334A5B02B0219BB007408F8 /* Debug */,
				F334A5B12B0219BB007408F8 /* Release */,
			);
			defaultConfigurationIsVisible = 0;
			defaultConfigurationName = Release;
		};
		F3F021262B6FC9F0008ED4D0 /* Build configuration list for PBXNativeTarget "ImagesFeedTests" */ = {
			isa = XCConfigurationList;
			buildConfigurations = (
				F3F021242B6FC9F0008ED4D0 /* Debug */,
				F3F021252B6FC9F0008ED4D0 /* Release */,
			);
			defaultConfigurationIsVisible = 0;
			defaultConfigurationName = Release;
		};
/* End XCConfigurationList section */

/* Begin XCRemoteSwiftPackageReference section */
		F357C5482B516CE7004DDF06 /* XCRemoteSwiftPackageReference "Kingfisher" */ = {
			isa = XCRemoteSwiftPackageReference;
			repositoryURL = "https://github.com/onevcat/Kingfisher.git";
			requirement = {
				kind = upToNextMajorVersion;
				minimumVersion = 7.10.2;
			};
		};
		F357C54B2B517C58004DDF06 /* XCRemoteSwiftPackageReference "SwiftKeychainWrapper" */ = {
			isa = XCRemoteSwiftPackageReference;
			repositoryURL = "https://github.com/jrendel/SwiftKeychainWrapper";
			requirement = {
				kind = upToNextMajorVersion;
				minimumVersion = 4.0.1;
			};
		};
		F3EC850E2B3BD9E900DE5D99 /* XCRemoteSwiftPackageReference "ProgressHUD" */ = {
			isa = XCRemoteSwiftPackageReference;
			repositoryURL = "https://github.com/relatedcode/ProgressHUD";
			requirement = {
				kind = upToNextMajorVersion;
				minimumVersion = 14.0.0;
			};
		};
/* End XCRemoteSwiftPackageReference section */

/* Begin XCSwiftPackageProductDependency section */
		F357C5492B516CE7004DDF06 /* Kingfisher */ = {
			isa = XCSwiftPackageProductDependency;
			package = F357C5482B516CE7004DDF06 /* XCRemoteSwiftPackageReference "Kingfisher" */;
			productName = Kingfisher;
		};
		F357C54C2B517C58004DDF06 /* SwiftKeychainWrapper */ = {
			isa = XCSwiftPackageProductDependency;
			package = F357C54B2B517C58004DDF06 /* XCRemoteSwiftPackageReference "SwiftKeychainWrapper" */;
			productName = SwiftKeychainWrapper;
		};
		F3EC850F2B3BD9E900DE5D99 /* ProgressHUD */ = {
			isa = XCSwiftPackageProductDependency;
			package = F3EC850E2B3BD9E900DE5D99 /* XCRemoteSwiftPackageReference "ProgressHUD" */;
			productName = ProgressHUD;
		};
/* End XCSwiftPackageProductDependency section */
	};
	rootObject = F334A5932B0219B9007408F8 /* Project object */;
}
